
Microsoft Visual Studio Solution File, Format Version 12.00
# Visual Studio Version 17
VisualStudioVersion = 17.11.35222.181
MinimumVisualStudioVersion = 10.0.40219.1
Project("{FAE04EC0-301F-11D3-BF4B-00C04F79EFBC}") = "HmsWebAPI", "HmsWebAPI\HmsWebAPI.csproj", "{A4997C91-17B6-45E3-8AB0-A36C412CA3A0}"
EndProject
Global
	GlobalSection(SolutionConfigurationPlatforms) = preSolution
		Debug|Any CPU = Debug|Any CPU
		Release|Any CPU = Release|Any CPU
	EndGlobalSection
	GlobalSection(ProjectConfigurationPlatforms) = postSolution
		{A4997C91-17B6-45E3-8AB0-A36C412CA3A0}.Debug|Any CPU.ActiveCfg = Debug|Any CPU
		{A4997C91-17B6-45E3-8AB0-A36C412CA3A0}.Debug|Any CPU.Build.0 = Debug|Any CPU
		{A4997C91-17B6-45E3-8AB0-A36C412CA3A0}.Release|Any CPU.ActiveCfg = Release|Any CPU
		{A4997C91-17B6-45E3-8AB0-A36C412CA3A0}.Release|Any CPU.Build.0 = Release|Any CPU
	EndGlobalSection
	GlobalSection(SolutionProperties) = preSolution
		HideSolutionNode = FALSE
	EndGlobalSection
	GlobalSection(ExtensibilityGlobals) = postSolution
		SolutionGuid = {ED1B0FA9-908F-46EB-BF2C-040C82792461}
	EndGlobalSection
EndGlobal
